// !$*UTF8*$!
{
	archiveVersion = 1;
	classes = {
	};
	objectVersion = 53;
	objects = {

/* Begin PBXBuildFile section */
		630E2A1024858758008DEF17 /* TestVideoProcessingView.swift in Sources */ = {isa = PBXBuildFile; fileRef = 630E2A0F24858758008DEF17 /* TestVideoProcessingView.swift */; };
		630E2A1224858C8E008DEF17 /* VideoParser.swift in Sources */ = {isa = PBXBuildFile; fileRef = 630E2A1124858C8E008DEF17 /* VideoParser.swift */; };
		630E2A1524859E8B008DEF17 /* VideoPlayerViewControllerRepresentable.swift in Sources */ = {isa = PBXBuildFile; fileRef = 630E2A1424859E8B008DEF17 /* VideoPlayerViewControllerRepresentable.swift */; };
		630E2A172485A271008DEF17 /* videoplayback.mp4 in Resources */ = {isa = PBXBuildFile; fileRef = 630E2A162485A051008DEF17 /* videoplayback.mp4 */; };
		6314A721249E914400046E88 /* HomePlateMessageView.swift in Sources */ = {isa = PBXBuildFile; fileRef = 6314A720249E914400046E88 /* HomePlateMessageView.swift */; };
		63457FA92491B52000FDB6D7 /* PlayerInfoBarView.swift in Sources */ = {isa = PBXBuildFile; fileRef = 63457FA82491B52000FDB6D7 /* PlayerInfoBarView.swift */; };
		63457FAB2491B7E700FDB6D7 /* PlayerExpandedView.swift in Sources */ = {isa = PBXBuildFile; fileRef = 63457FAA2491B7E700FDB6D7 /* PlayerExpandedView.swift */; };
		63564B4124802BD600BFAF7B /* ImageStreamViewController.swift in Sources */ = {isa = PBXBuildFile; fileRef = 63564B4024802BD600BFAF7B /* ImageStreamViewController.swift */; };
		63564B4324802C7200BFAF7B /* ImageStreamViewControllerRepresentable.swift in Sources */ = {isa = PBXBuildFile; fileRef = 63564B4224802C7200BFAF7B /* ImageStreamViewControllerRepresentable.swift */; };
		63564B4524803F5C00BFAF7B /* AVCaptureExtension.swift in Sources */ = {isa = PBXBuildFile; fileRef = 63564B4424803F5C00BFAF7B /* AVCaptureExtension.swift */; };
		635AB6E7247EDE9F00E5AC2E /* ExpectedHomePlateAngles.swift in Sources */ = {isa = PBXBuildFile; fileRef = 635AB6E6247EDE9F00E5AC2E /* ExpectedHomePlateAngles.swift */; };
		636152F8247FFDC60043AFA1 /* TestImageProcessingView.swift in Sources */ = {isa = PBXBuildFile; fileRef = 636152F7247FFDC60043AFA1 /* TestImageProcessingView.swift */; };
		63636C0A249AF11600938269 /* ColorScheme.swift in Sources */ = {isa = PBXBuildFile; fileRef = 63636C09249AF11600938269 /* ColorScheme.swift */; };
		6373CE5F248EEE4F00E43720 /* StringExtension.swift in Sources */ = {isa = PBXBuildFile; fileRef = 6373CE5E248EEE4F00E43720 /* StringExtension.swift */; };
		6373CE61248EF44900E43720 /* Player.swift in Sources */ = {isa = PBXBuildFile; fileRef = 6373CE60248EF44900E43720 /* Player.swift */; };
		637AA5B0248D6E5900FC15B8 /* SelectedPlayer.swift in Sources */ = {isa = PBXBuildFile; fileRef = 637AA5AF248D6E5900FC15B8 /* SelectedPlayer.swift */; };
		637AA5B3248D719A00FC15B8 /* ProcessingCoordinator.swift in Sources */ = {isa = PBXBuildFile; fileRef = 637AA5B2248D719A00FC15B8 /* ProcessingCoordinator.swift */; };
		637AA5B9248D826B00FC15B8 /* PlayerInfoBarViewTesting.swift in Sources */ = {isa = PBXBuildFile; fileRef = 637AA5B8248D826B00FC15B8 /* PlayerInfoBarViewTesting.swift */; };
		638826502486CCF800C9FB4E /* DraggableOverlayView.swift in Sources */ = {isa = PBXBuildFile; fileRef = 6388264F2486CCF800C9FB4E /* DraggableOverlayView.swift */; };
		638826542486DB4500C9FB4E /* TestImageResolutions.swift in Sources */ = {isa = PBXBuildFile; fileRef = 638826532486DB4500C9FB4E /* TestImageResolutions.swift */; };
		639999D2249D4F260072C5E7 /* IntExtension.swift in Sources */ = {isa = PBXBuildFile; fileRef = 639999D1249D4F260072C5E7 /* IntExtension.swift */; };
		63A2F0B0249D185400D8D79A /* ConsoleCommunication.swift in Sources */ = {isa = PBXBuildFile; fileRef = 63A2F0AF249D185400D8D79A /* ConsoleCommunication.swift */; };
		63C46CAF24887ADF00EC3E67 /* ProcessingState.swift in Sources */ = {isa = PBXBuildFile; fileRef = 63C46CAE24887ADF00EC3E67 /* ProcessingState.swift */; };
		63D44F96248ACF6600049CD8 /* Team.swift in Sources */ = {isa = PBXBuildFile; fileRef = 63D44F95248ACF6600049CD8 /* Team.swift */; };
		63D44F98248AD7EC00049CD8 /* TeamLookup.swift in Sources */ = {isa = PBXBuildFile; fileRef = 63D44F97248AD7EC00049CD8 /* TeamLookup.swift */; };
		63D44F9A248AD93F00049CD8 /* WebScraper.swift in Sources */ = {isa = PBXBuildFile; fileRef = 63D44F99248AD93F00049CD8 /* WebScraper.swift */; };
		63DAA5CA248156940022F9AA /* FileIO.swift in Sources */ = {isa = PBXBuildFile; fileRef = 63DAA5C9248156930022F9AA /* FileIO.swift */; };
		63DAA5CE248157FF0022F9AA /* CGPointExtension.swift in Sources */ = {isa = PBXBuildFile; fileRef = 63DAA5CD248157FF0022F9AA /* CGPointExtension.swift */; };
		63FD24AA24799375002D0728 /* InfieldContourFitting.mm in Sources */ = {isa = PBXBuildFile; fileRef = 63FD24A924799375002D0728 /* InfieldContourFitting.mm */; };
		63FD24AC247993AF002D0728 /* Timer.mm in Sources */ = {isa = PBXBuildFile; fileRef = 63FD24AB247993AF002D0728 /* Timer.mm */; };
		63FD24AE24799445002D0728 /* ImageProcessor.mm in Sources */ = {isa = PBXBuildFile; fileRef = 63FD24AD24799445002D0728 /* ImageProcessor.mm */; };
		63FD24B0247994CE002D0728 /* ContourInfo.mm in Sources */ = {isa = PBXBuildFile; fileRef = 63FD24AF247994CE002D0728 /* ContourInfo.mm */; };
		F604822B247591A900F71A68 /* MainView.swift in Sources */ = {isa = PBXBuildFile; fileRef = F604822A247591A900F71A68 /* MainView.swift */; };
		F60482392475992700F71A68 /* opencv2.framework in Frameworks */ = {isa = PBXBuildFile; fileRef = F60482382475992700F71A68 /* opencv2.framework */; };
		F63EE60C23BFAE0D00B155B8 /* AppDelegate.swift in Sources */ = {isa = PBXBuildFile; fileRef = F63EE60B23BFAE0D00B155B8 /* AppDelegate.swift */; };
		F63EE60E23BFAE0D00B155B8 /* SceneDelegate.swift in Sources */ = {isa = PBXBuildFile; fileRef = F63EE60D23BFAE0D00B155B8 /* SceneDelegate.swift */; };
		F63EE61223BFAE1300B155B8 /* Assets.xcassets in Resources */ = {isa = PBXBuildFile; fileRef = F63EE61123BFAE1300B155B8 /* Assets.xcassets */; };
		F63EE61523BFAE1300B155B8 /* Preview Assets.xcassets in Resources */ = {isa = PBXBuildFile; fileRef = F63EE61423BFAE1300B155B8 /* Preview Assets.xcassets */; };
		F63EE61823BFAE1300B155B8 /* LaunchScreen.storyboard in Resources */ = {isa = PBXBuildFile; fileRef = F63EE61623BFAE1300B155B8 /* LaunchScreen.storyboard */; };
		F63EE62423BFB02400B155B8 /* README.md in Resources */ = {isa = PBXBuildFile; fileRef = F63EE62023BFB02400B155B8 /* README.md */; };
		F6CA649A24799F7E009721E0 /* Scoreboard.swift in Sources */ = {isa = PBXBuildFile; fileRef = F6CA649924799F7E009721E0 /* Scoreboard.swift */; };
		F6CD4AD223C4E32800DA0E1E /* OpenCVWrapper.mm in Sources */ = {isa = PBXBuildFile; fileRef = F6CD4AD123C4E32800DA0E1E /* OpenCVWrapper.mm */; };
/* End PBXBuildFile section */

/* Begin PBXFileReference section */
		630E2A0F24858758008DEF17 /* TestVideoProcessingView.swift */ = {isa = PBXFileReference; lastKnownFileType = sourcecode.swift; path = TestVideoProcessingView.swift; sourceTree = "<group>"; };
		630E2A1124858C8E008DEF17 /* VideoParser.swift */ = {isa = PBXFileReference; lastKnownFileType = sourcecode.swift; path = VideoParser.swift; sourceTree = "<group>"; };
		630E2A1424859E8B008DEF17 /* VideoPlayerViewControllerRepresentable.swift */ = {isa = PBXFileReference; lastKnownFileType = sourcecode.swift; path = VideoPlayerViewControllerRepresentable.swift; sourceTree = "<group>"; };
		630E2A162485A051008DEF17 /* videoplayback.mp4 */ = {isa = PBXFileReference; lastKnownFileType = file; path = videoplayback.mp4; sourceTree = "<group>"; };
		6314A720249E914400046E88 /* HomePlateMessageView.swift */ = {isa = PBXFileReference; lastKnownFileType = sourcecode.swift; path = HomePlateMessageView.swift; sourceTree = "<group>"; };
		63457FA82491B52000FDB6D7 /* PlayerInfoBarView.swift */ = {isa = PBXFileReference; lastKnownFileType = sourcecode.swift; path = PlayerInfoBarView.swift; sourceTree = "<group>"; };
		63457FAA2491B7E700FDB6D7 /* PlayerExpandedView.swift */ = {isa = PBXFileReference; lastKnownFileType = sourcecode.swift; path = PlayerExpandedView.swift; sourceTree = "<group>"; };
		63564B4024802BD600BFAF7B /* ImageStreamViewController.swift */ = {isa = PBXFileReference; lastKnownFileType = sourcecode.swift; path = ImageStreamViewController.swift; sourceTree = "<group>"; };
		63564B4224802C7200BFAF7B /* ImageStreamViewControllerRepresentable.swift */ = {isa = PBXFileReference; lastKnownFileType = sourcecode.swift; path = ImageStreamViewControllerRepresentable.swift; sourceTree = "<group>"; };
		63564B4424803F5C00BFAF7B /* AVCaptureExtension.swift */ = {isa = PBXFileReference; lastKnownFileType = sourcecode.swift; path = AVCaptureExtension.swift; sourceTree = "<group>"; };
		635AB6E6247EDE9F00E5AC2E /* ExpectedHomePlateAngles.swift */ = {isa = PBXFileReference; lastKnownFileType = sourcecode.swift; path = ExpectedHomePlateAngles.swift; sourceTree = "<group>"; };
		636152F7247FFDC60043AFA1 /* TestImageProcessingView.swift */ = {isa = PBXFileReference; lastKnownFileType = sourcecode.swift; path = TestImageProcessingView.swift; sourceTree = "<group>"; };
		63636C09249AF11600938269 /* ColorScheme.swift */ = {isa = PBXFileReference; lastKnownFileType = sourcecode.swift; path = ColorScheme.swift; sourceTree = "<group>"; };
		6373CE5E248EEE4F00E43720 /* StringExtension.swift */ = {isa = PBXFileReference; lastKnownFileType = sourcecode.swift; path = StringExtension.swift; sourceTree = "<group>"; };
		6373CE60248EF44900E43720 /* Player.swift */ = {isa = PBXFileReference; lastKnownFileType = sourcecode.swift; path = Player.swift; sourceTree = "<group>"; };
		637AA5AF248D6E5900FC15B8 /* SelectedPlayer.swift */ = {isa = PBXFileReference; lastKnownFileType = sourcecode.swift; path = SelectedPlayer.swift; sourceTree = "<group>"; };
		637AA5B2248D719A00FC15B8 /* ProcessingCoordinator.swift */ = {isa = PBXFileReference; lastKnownFileType = sourcecode.swift; path = ProcessingCoordinator.swift; sourceTree = "<group>"; };
		637AA5B8248D826B00FC15B8 /* PlayerInfoBarViewTesting.swift */ = {isa = PBXFileReference; lastKnownFileType = sourcecode.swift; path = PlayerInfoBarViewTesting.swift; sourceTree = "<group>"; };
		6388264F2486CCF800C9FB4E /* DraggableOverlayView.swift */ = {isa = PBXFileReference; lastKnownFileType = sourcecode.swift; path = DraggableOverlayView.swift; sourceTree = "<group>"; };
		638826532486DB4500C9FB4E /* TestImageResolutions.swift */ = {isa = PBXFileReference; lastKnownFileType = sourcecode.swift; path = TestImageResolutions.swift; sourceTree = "<group>"; };
		639999D1249D4F260072C5E7 /* IntExtension.swift */ = {isa = PBXFileReference; lastKnownFileType = sourcecode.swift; path = IntExtension.swift; sourceTree = "<group>"; };
		63A2F0AF249D185400D8D79A /* ConsoleCommunication.swift */ = {isa = PBXFileReference; lastKnownFileType = sourcecode.swift; path = ConsoleCommunication.swift; sourceTree = "<group>"; };
		63C46CAE24887ADF00EC3E67 /* ProcessingState.swift */ = {isa = PBXFileReference; lastKnownFileType = sourcecode.swift; path = ProcessingState.swift; sourceTree = "<group>"; };
		63D44F95248ACF6600049CD8 /* Team.swift */ = {isa = PBXFileReference; lastKnownFileType = sourcecode.swift; path = Team.swift; sourceTree = "<group>"; };
		63D44F97248AD7EC00049CD8 /* TeamLookup.swift */ = {isa = PBXFileReference; lastKnownFileType = sourcecode.swift; path = TeamLookup.swift; sourceTree = "<group>"; };
		63D44F99248AD93F00049CD8 /* WebScraper.swift */ = {isa = PBXFileReference; lastKnownFileType = sourcecode.swift; path = WebScraper.swift; sourceTree = "<group>"; };
		63DAA5C9248156930022F9AA /* FileIO.swift */ = {isa = PBXFileReference; lastKnownFileType = sourcecode.swift; path = FileIO.swift; sourceTree = "<group>"; };
		63DAA5CD248157FF0022F9AA /* CGPointExtension.swift */ = {isa = PBXFileReference; lastKnownFileType = sourcecode.swift; path = CGPointExtension.swift; sourceTree = "<group>"; };
		63FD24A924799375002D0728 /* InfieldContourFitting.mm */ = {isa = PBXFileReference; lastKnownFileType = sourcecode.cpp.objcpp; path = InfieldContourFitting.mm; sourceTree = "<group>"; wrapsLines = 1; };
		63FD24AB247993AF002D0728 /* Timer.mm */ = {isa = PBXFileReference; lastKnownFileType = sourcecode.cpp.objcpp; path = Timer.mm; sourceTree = "<group>"; };
		63FD24AD24799445002D0728 /* ImageProcessor.mm */ = {isa = PBXFileReference; lastKnownFileType = sourcecode.cpp.objcpp; path = ImageProcessor.mm; sourceTree = "<group>"; };
		63FD24AF247994CE002D0728 /* ContourInfo.mm */ = {isa = PBXFileReference; lastKnownFileType = sourcecode.cpp.objcpp; path = ContourInfo.mm; sourceTree = "<group>"; };
		F604822A247591A900F71A68 /* MainView.swift */ = {isa = PBXFileReference; lastKnownFileType = sourcecode.swift; path = MainView.swift; sourceTree = "<group>"; };
		F60482382475992700F71A68 /* opencv2.framework */ = {isa = PBXFileReference; lastKnownFileType = wrapper.framework; path = opencv2.framework; sourceTree = "<group>"; };
		F604823A2475994900F71A68 /* opencv.hpp */ = {isa = PBXFileReference; lastKnownFileType = sourcecode.cpp.h; name = opencv.hpp; path = opencv2.framework/Versions/A/Headers/opencv.hpp; sourceTree = SOURCE_ROOT; };
		F63EE60823BFAE0D00B155B8 /* Baseball-Spectator.app */ = {isa = PBXFileReference; explicitFileType = wrapper.application; includeInIndex = 0; path = "Baseball-Spectator.app"; sourceTree = BUILT_PRODUCTS_DIR; };
		F63EE60B23BFAE0D00B155B8 /* AppDelegate.swift */ = {isa = PBXFileReference; lastKnownFileType = sourcecode.swift; path = AppDelegate.swift; sourceTree = "<group>"; };
		F63EE60D23BFAE0D00B155B8 /* SceneDelegate.swift */ = {isa = PBXFileReference; lastKnownFileType = sourcecode.swift; path = SceneDelegate.swift; sourceTree = "<group>"; };
		F63EE61123BFAE1300B155B8 /* Assets.xcassets */ = {isa = PBXFileReference; lastKnownFileType = folder.assetcatalog; path = Assets.xcassets; sourceTree = "<group>"; };
		F63EE61423BFAE1300B155B8 /* Preview Assets.xcassets */ = {isa = PBXFileReference; lastKnownFileType = folder.assetcatalog; path = "Preview Assets.xcassets"; sourceTree = "<group>"; };
		F63EE61723BFAE1300B155B8 /* Base */ = {isa = PBXFileReference; lastKnownFileType = file.storyboard; name = Base; path = Base.lproj/LaunchScreen.storyboard; sourceTree = "<group>"; };
		F63EE61923BFAE1300B155B8 /* Info.plist */ = {isa = PBXFileReference; lastKnownFileType = text.plist.xml; path = Info.plist; sourceTree = "<group>"; };
		F63EE62023BFB02400B155B8 /* README.md */ = {isa = PBXFileReference; fileEncoding = 4; lastKnownFileType = net.daringfireball.markdown; path = README.md; sourceTree = "<group>"; };
		F6CA649924799F7E009721E0 /* Scoreboard.swift */ = {isa = PBXFileReference; lastKnownFileType = sourcecode.swift; path = Scoreboard.swift; sourceTree = "<group>"; };
		F6CD4ACF23C4E32800DA0E1E /* Baseball-Spectator-Bridging-Header.h */ = {isa = PBXFileReference; lastKnownFileType = sourcecode.c.h; path = "Baseball-Spectator-Bridging-Header.h"; sourceTree = "<group>"; };
		F6CD4AD023C4E32800DA0E1E /* OpenCVWrapper.h */ = {isa = PBXFileReference; lastKnownFileType = sourcecode.c.h; path = OpenCVWrapper.h; sourceTree = "<group>"; };
		F6CD4AD123C4E32800DA0E1E /* OpenCVWrapper.mm */ = {isa = PBXFileReference; lastKnownFileType = sourcecode.cpp.objcpp; path = OpenCVWrapper.mm; sourceTree = "<group>"; };
		F6CD4AD323C4E37C00DA0E1E /* PrefixHeader.pch */ = {isa = PBXFileReference; lastKnownFileType = sourcecode.c.h; path = PrefixHeader.pch; sourceTree = "<group>"; };
/* End PBXFileReference section */

/* Begin PBXFrameworksBuildPhase section */
		F63EE60523BFAE0D00B155B8 /* Frameworks */ = {
			isa = PBXFrameworksBuildPhase;
			buildActionMask = 2147483647;
			files = (
				F60482392475992700F71A68 /* opencv2.framework in Frameworks */,
			);
			runOnlyForDeploymentPostprocessing = 0;
		};
/* End PBXFrameworksBuildPhase section */

/* Begin PBXGroup section */
		630E2A1324859782008DEF17 /* TestProcessing */ = {
			isa = PBXGroup;
			children = (
				636152F7247FFDC60043AFA1 /* TestImageProcessingView.swift */,
				630E2A0F24858758008DEF17 /* TestVideoProcessingView.swift */,
				630E2A1424859E8B008DEF17 /* VideoPlayerViewControllerRepresentable.swift */,
				630E2A1124858C8E008DEF17 /* VideoParser.swift */,
				635AB6E6247EDE9F00E5AC2E /* ExpectedHomePlateAngles.swift */,
				638826532486DB4500C9FB4E /* TestImageResolutions.swift */,
			);
			path = TestProcessing;
			sourceTree = "<group>";
		};
		63636C08249AF0B300938269 /* InterfaceStyle */ = {
			isa = PBXGroup;
			children = (
				63636C09249AF11600938269 /* ColorScheme.swift */,
			);
			path = InterfaceStyle;
			sourceTree = "<group>";
		};
		637AA5B1248D70DA00FC15B8 /* ImageProcessingState */ = {
			isa = PBXGroup;
			children = (
				63C46CAE24887ADF00EC3E67 /* ProcessingState.swift */,
				637AA5B2248D719A00FC15B8 /* ProcessingCoordinator.swift */,
			);
			path = ImageProcessingState;
			sourceTree = "<group>";
		};
		638826512486CD4000C9FB4E /* Utilities */ = {
			isa = PBXGroup;
			children = (
				63DAA5C9248156930022F9AA /* FileIO.swift */,
				63D44F99248AD93F00049CD8 /* WebScraper.swift */,
				63A2F0AF249D185400D8D79A /* ConsoleCommunication.swift */,
				63DAA5CD248157FF0022F9AA /* CGPointExtension.swift */,
				63564B4424803F5C00BFAF7B /* AVCaptureExtension.swift */,
				639999D1249D4F260072C5E7 /* IntExtension.swift */,
				6373CE5E248EEE4F00E43720 /* StringExtension.swift */,
			);
			path = Utilities;
			sourceTree = "<group>";
		};
		638826522486CD6400C9FB4E /* Subviews */ = {
			isa = PBXGroup;
			children = (
				F604822A247591A900F71A68 /* MainView.swift */,
				F6CA649924799F7E009721E0 /* Scoreboard.swift */,
				63564B4224802C7200BFAF7B /* ImageStreamViewControllerRepresentable.swift */,
				63564B4024802BD600BFAF7B /* ImageStreamViewController.swift */,
				6388264F2486CCF800C9FB4E /* DraggableOverlayView.swift */,
				637AA5B8248D826B00FC15B8 /* PlayerInfoBarViewTesting.swift */,
				63457FA82491B52000FDB6D7 /* PlayerInfoBarView.swift */,
				63457FAA2491B7E700FDB6D7 /* PlayerExpandedView.swift */,
				6314A720249E914400046E88 /* HomePlateMessageView.swift */,
			);
			path = Subviews;
			sourceTree = "<group>";
		};
		63D44F94248ACF3200049CD8 /* TeamsAndPlayers */ = {
			isa = PBXGroup;
			children = (
				63D44F95248ACF6600049CD8 /* Team.swift */,
				63D44F97248AD7EC00049CD8 /* TeamLookup.swift */,
				637AA5AF248D6E5900FC15B8 /* SelectedPlayer.swift */,
				6373CE60248EF44900E43720 /* Player.swift */,
			);
			path = TeamsAndPlayers;
			sourceTree = "<group>";
		};
		F63EE5FF23BFAE0D00B155B8 = {
			isa = PBXGroup;
			children = (
				F60482382475992700F71A68 /* opencv2.framework */,
				F6CD4ACF23C4E32800DA0E1E /* Baseball-Spectator-Bridging-Header.h */,
				F63EE60A23BFAE0D00B155B8 /* Baseball-Spectator */,
				F63EE60923BFAE0D00B155B8 /* Products */,
			);
			sourceTree = "<group>";
		};
		F63EE60923BFAE0D00B155B8 /* Products */ = {
			isa = PBXGroup;
			children = (
				F63EE60823BFAE0D00B155B8 /* Baseball-Spectator.app */,
			);
			name = Products;
			sourceTree = "<group>";
		};
		F63EE60A23BFAE0D00B155B8 /* Baseball-Spectator */ = {
			isa = PBXGroup;
			children = (
				F63EE60B23BFAE0D00B155B8 /* AppDelegate.swift */,
				F63EE60D23BFAE0D00B155B8 /* SceneDelegate.swift */,
				638826522486CD6400C9FB4E /* Subviews */,
				63636C08249AF0B300938269 /* InterfaceStyle */,
				63D44F94248ACF3200049CD8 /* TeamsAndPlayers */,
				630E2A1324859782008DEF17 /* TestProcessing */,
				637AA5B1248D70DA00FC15B8 /* ImageProcessingState */,
				F63EE61F23BFB02400B155B8 /* OpenCVWrapper */,
				638826512486CD4000C9FB4E /* Utilities */,
				F63EE61123BFAE1300B155B8 /* Assets.xcassets */,
				630E2A162485A051008DEF17 /* videoplayback.mp4 */,
				F63EE61623BFAE1300B155B8 /* LaunchScreen.storyboard */,
				F63EE61923BFAE1300B155B8 /* Info.plist */,
				F63EE61323BFAE1300B155B8 /* Preview Content */,
			);
			path = "Baseball-Spectator";
			sourceTree = "<group>";
		};
		F63EE61323BFAE1300B155B8 /* Preview Content */ = {
			isa = PBXGroup;
			children = (
				F63EE61423BFAE1300B155B8 /* Preview Assets.xcassets */,
			);
			path = "Preview Content";
			sourceTree = "<group>";
		};
		F63EE61F23BFB02400B155B8 /* OpenCVWrapper */ = {
			isa = PBXGroup;
			children = (
				F63EE62023BFB02400B155B8 /* README.md */,
				F6CD4AD323C4E37C00DA0E1E /* PrefixHeader.pch */,
				F604823A2475994900F71A68 /* opencv.hpp */,
				F6CD4AD023C4E32800DA0E1E /* OpenCVWrapper.h */,
				F6CD4AD123C4E32800DA0E1E /* OpenCVWrapper.mm */,
				63FD24AD24799445002D0728 /* ImageProcessor.mm */,
				63FD24A924799375002D0728 /* InfieldContourFitting.mm */,
				63FD24AF247994CE002D0728 /* ContourInfo.mm */,
				63FD24AB247993AF002D0728 /* Timer.mm */,
			);
			path = OpenCVWrapper;
			sourceTree = "<group>";
		};
/* End PBXGroup section */

/* Begin PBXNativeTarget section */
		F63EE60723BFAE0D00B155B8 /* Baseball-Spectator */ = {
			isa = PBXNativeTarget;
			buildConfigurationList = F63EE61C23BFAE1300B155B8 /* Build configuration list for PBXNativeTarget "Baseball-Spectator" */;
			buildPhases = (
				F63EE60423BFAE0D00B155B8 /* Sources */,
				F63EE60523BFAE0D00B155B8 /* Frameworks */,
				F63EE60623BFAE0D00B155B8 /* Resources */,
			);
			buildRules = (
			);
			dependencies = (
			);
			name = "Baseball-Spectator";
			productName = MLB_AR;
			productReference = F63EE60823BFAE0D00B155B8 /* Baseball-Spectator.app */;
			productType = "com.apple.product-type.application";
		};
/* End PBXNativeTarget section */

/* Begin PBXProject section */
		F63EE60023BFAE0D00B155B8 /* Project object */ = {
			isa = PBXProject;
			attributes = {
				LastSwiftUpdateCheck = 1110;
				LastUpgradeCheck = 1110;
				ORGANIZATIONNAME = "David Gerard";
				TargetAttributes = {
					F63EE60723BFAE0D00B155B8 = {
						CreatedOnToolsVersion = 11.1;
						LastSwiftMigration = 1110;
					};
				};
			};
			buildConfigurationList = F63EE60323BFAE0D00B155B8 /* Build configuration list for PBXProject "Baseball-Spectator" */;
			compatibilityVersion = "Xcode 11.4";
			developmentRegion = en;
			hasScannedForEncodings = 0;
			knownRegions = (
				en,
				Base,
			);
			mainGroup = F63EE5FF23BFAE0D00B155B8;
			productRefGroup = F63EE60923BFAE0D00B155B8 /* Products */;
			projectDirPath = "";
			projectRoot = "";
			targets = (
				F63EE60723BFAE0D00B155B8 /* Baseball-Spectator */,
			);
		};
/* End PBXProject section */

/* Begin PBXResourcesBuildPhase section */
		F63EE60623BFAE0D00B155B8 /* Resources */ = {
			isa = PBXResourcesBuildPhase;
			buildActionMask = 2147483647;
			files = (
				630E2A172485A271008DEF17 /* videoplayback.mp4 in Resources */,
				F63EE61823BFAE1300B155B8 /* LaunchScreen.storyboard in Resources */,
				F63EE61523BFAE1300B155B8 /* Preview Assets.xcassets in Resources */,
				F63EE62423BFB02400B155B8 /* README.md in Resources */,
				F63EE61223BFAE1300B155B8 /* Assets.xcassets in Resources */,
			);
			runOnlyForDeploymentPostprocessing = 0;
		};
/* End PBXResourcesBuildPhase section */

/* Begin PBXSourcesBuildPhase section */
		F63EE60423BFAE0D00B155B8 /* Sources */ = {
			isa = PBXSourcesBuildPhase;
			buildActionMask = 2147483647;
			files = (
				63D44F98248AD7EC00049CD8 /* TeamLookup.swift in Sources */,
				63FD24AE24799445002D0728 /* ImageProcessor.mm in Sources */,
				63A2F0B0249D185400D8D79A /* ConsoleCommunication.swift in Sources */,
				6373CE5F248EEE4F00E43720 /* StringExtension.swift in Sources */,
				63636C0A249AF11600938269 /* ColorScheme.swift in Sources */,
				63FD24B0247994CE002D0728 /* ContourInfo.mm in Sources */,
				637AA5B9248D826B00FC15B8 /* PlayerInfoBarViewTesting.swift in Sources */,
				637AA5B3248D719A00FC15B8 /* ProcessingCoordinator.swift in Sources */,
				630E2A1524859E8B008DEF17 /* VideoPlayerViewControllerRepresentable.swift in Sources */,
				630E2A1224858C8E008DEF17 /* VideoParser.swift in Sources */,
				F604822B247591A900F71A68 /* MainView.swift in Sources */,
				63FD24AA24799375002D0728 /* InfieldContourFitting.mm in Sources */,
				63564B4124802BD600BFAF7B /* ImageStreamViewController.swift in Sources */,
				63564B4324802C7200BFAF7B /* ImageStreamViewControllerRepresentable.swift in Sources */,
				63FD24AC247993AF002D0728 /* Timer.mm in Sources */,
				630E2A1024858758008DEF17 /* TestVideoProcessingView.swift in Sources */,
				6314A721249E914400046E88 /* HomePlateMessageView.swift in Sources */,
				63DAA5CE248157FF0022F9AA /* CGPointExtension.swift in Sources */,
				F63EE60C23BFAE0D00B155B8 /* AppDelegate.swift in Sources */,
				63C46CAF24887ADF00EC3E67 /* ProcessingState.swift in Sources */,
				636152F8247FFDC60043AFA1 /* TestImageProcessingView.swift in Sources */,
				638826502486CCF800C9FB4E /* DraggableOverlayView.swift in Sources */,
				637AA5B0248D6E5900FC15B8 /* SelectedPlayer.swift in Sources */,
				F63EE60E23BFAE0D00B155B8 /* SceneDelegate.swift in Sources */,
				639999D2249D4F260072C5E7 /* IntExtension.swift in Sources */,
				F6CD4AD223C4E32800DA0E1E /* OpenCVWrapper.mm in Sources */,
				635AB6E7247EDE9F00E5AC2E /* ExpectedHomePlateAngles.swift in Sources */,
				63457FAB2491B7E700FDB6D7 /* PlayerExpandedView.swift in Sources */,
				6373CE61248EF44900E43720 /* Player.swift in Sources */,
				F6CA649A24799F7E009721E0 /* Scoreboard.swift in Sources */,
				63D44F96248ACF6600049CD8 /* Team.swift in Sources */,
				63457FA92491B52000FDB6D7 /* PlayerInfoBarView.swift in Sources */,
				638826542486DB4500C9FB4E /* TestImageResolutions.swift in Sources */,
				63564B4524803F5C00BFAF7B /* AVCaptureExtension.swift in Sources */,
				63DAA5CA248156940022F9AA /* FileIO.swift in Sources */,
				63D44F9A248AD93F00049CD8 /* WebScraper.swift in Sources */,
			);
			runOnlyForDeploymentPostprocessing = 0;
		};
/* End PBXSourcesBuildPhase section */

/* Begin PBXVariantGroup section */
		F63EE61623BFAE1300B155B8 /* LaunchScreen.storyboard */ = {
			isa = PBXVariantGroup;
			children = (
				F63EE61723BFAE1300B155B8 /* Base */,
			);
			name = LaunchScreen.storyboard;
			sourceTree = "<group>";
		};
/* End PBXVariantGroup section */

/* Begin XCBuildConfiguration section */
		F63EE61A23BFAE1300B155B8 /* Debug */ = {
			isa = XCBuildConfiguration;
			buildSettings = {
				ALWAYS_SEARCH_USER_PATHS = NO;
				CLANG_ANALYZER_NONNULL = YES;
				CLANG_ANALYZER_NUMBER_OBJECT_CONVERSION = YES_AGGRESSIVE;
				CLANG_CXX_LANGUAGE_STANDARD = "gnu++14";
				CLANG_CXX_LIBRARY = "libc++";
				CLANG_ENABLE_MODULES = YES;
				CLANG_ENABLE_OBJC_ARC = YES;
				CLANG_ENABLE_OBJC_WEAK = YES;
				CLANG_WARN_BLOCK_CAPTURE_AUTORELEASING = YES;
				CLANG_WARN_BOOL_CONVERSION = YES;
				CLANG_WARN_COMMA = YES;
				CLANG_WARN_CONSTANT_CONVERSION = YES;
				CLANG_WARN_DEPRECATED_OBJC_IMPLEMENTATIONS = YES;
				CLANG_WARN_DIRECT_OBJC_ISA_USAGE = YES_ERROR;
				CLANG_WARN_DOCUMENTATION_COMMENTS = YES;
				CLANG_WARN_EMPTY_BODY = YES;
				CLANG_WARN_ENUM_CONVERSION = YES;
				CLANG_WARN_INFINITE_RECURSION = YES;
				CLANG_WARN_INT_CONVERSION = YES;
				CLANG_WARN_NON_LITERAL_NULL_CONVERSION = YES;
				CLANG_WARN_OBJC_IMPLICIT_RETAIN_SELF = YES;
				CLANG_WARN_OBJC_LITERAL_CONVERSION = YES;
				CLANG_WARN_OBJC_ROOT_CLASS = YES_ERROR;
				CLANG_WARN_RANGE_LOOP_ANALYSIS = YES;
				CLANG_WARN_STRICT_PROTOTYPES = YES;
				CLANG_WARN_SUSPICIOUS_MOVE = YES;
				CLANG_WARN_UNGUARDED_AVAILABILITY = YES_AGGRESSIVE;
				CLANG_WARN_UNREACHABLE_CODE = YES;
				CLANG_WARN__DUPLICATE_METHOD_MATCH = YES;
				COPY_PHASE_STRIP = NO;
				DEBUG_INFORMATION_FORMAT = dwarf;
				ENABLE_STRICT_OBJC_MSGSEND = YES;
				ENABLE_TESTABILITY = YES;
				GCC_C_LANGUAGE_STANDARD = gnu11;
				GCC_DYNAMIC_NO_PIC = NO;
				GCC_NO_COMMON_BLOCKS = YES;
				GCC_OPTIMIZATION_LEVEL = 0;
				GCC_PREPROCESSOR_DEFINITIONS = (
					"DEBUG=1",
					"$(inherited)",
				);
				GCC_WARN_64_TO_32_BIT_CONVERSION = YES;
				GCC_WARN_ABOUT_RETURN_TYPE = YES_ERROR;
				GCC_WARN_UNDECLARED_SELECTOR = YES;
				GCC_WARN_UNINITIALIZED_AUTOS = YES_AGGRESSIVE;
				GCC_WARN_UNUSED_FUNCTION = YES;
				GCC_WARN_UNUSED_VARIABLE = YES;
				IPHONEOS_DEPLOYMENT_TARGET = 13.1;
				MTL_ENABLE_DEBUG_INFO = INCLUDE_SOURCE;
				MTL_FAST_MATH = YES;
				ONLY_ACTIVE_ARCH = YES;
				SDKROOT = iphoneos;
				SWIFT_ACTIVE_COMPILATION_CONDITIONS = DEBUG;
				SWIFT_OPTIMIZATION_LEVEL = "-Onone";
			};
			name = Debug;
		};
		F63EE61B23BFAE1300B155B8 /* Release */ = {
			isa = XCBuildConfiguration;
			buildSettings = {
				ALWAYS_SEARCH_USER_PATHS = NO;
				CLANG_ANALYZER_NONNULL = YES;
				CLANG_ANALYZER_NUMBER_OBJECT_CONVERSION = YES_AGGRESSIVE;
				CLANG_CXX_LANGUAGE_STANDARD = "gnu++14";
				CLANG_CXX_LIBRARY = "libc++";
				CLANG_ENABLE_MODULES = YES;
				CLANG_ENABLE_OBJC_ARC = YES;
				CLANG_ENABLE_OBJC_WEAK = YES;
				CLANG_WARN_BLOCK_CAPTURE_AUTORELEASING = YES;
				CLANG_WARN_BOOL_CONVERSION = YES;
				CLANG_WARN_COMMA = YES;
				CLANG_WARN_CONSTANT_CONVERSION = YES;
				CLANG_WARN_DEPRECATED_OBJC_IMPLEMENTATIONS = YES;
				CLANG_WARN_DIRECT_OBJC_ISA_USAGE = YES_ERROR;
				CLANG_WARN_DOCUMENTATION_COMMENTS = YES;
				CLANG_WARN_EMPTY_BODY = YES;
				CLANG_WARN_ENUM_CONVERSION = YES;
				CLANG_WARN_INFINITE_RECURSION = YES;
				CLANG_WARN_INT_CONVERSION = YES;
				CLANG_WARN_NON_LITERAL_NULL_CONVERSION = YES;
				CLANG_WARN_OBJC_IMPLICIT_RETAIN_SELF = YES;
				CLANG_WARN_OBJC_LITERAL_CONVERSION = YES;
				CLANG_WARN_OBJC_ROOT_CLASS = YES_ERROR;
				CLANG_WARN_RANGE_LOOP_ANALYSIS = YES;
				CLANG_WARN_STRICT_PROTOTYPES = YES;
				CLANG_WARN_SUSPICIOUS_MOVE = YES;
				CLANG_WARN_UNGUARDED_AVAILABILITY = YES_AGGRESSIVE;
				CLANG_WARN_UNREACHABLE_CODE = YES;
				CLANG_WARN__DUPLICATE_METHOD_MATCH = YES;
				COPY_PHASE_STRIP = NO;
				DEBUG_INFORMATION_FORMAT = "dwarf-with-dsym";
				ENABLE_NS_ASSERTIONS = NO;
				ENABLE_STRICT_OBJC_MSGSEND = YES;
				GCC_C_LANGUAGE_STANDARD = gnu11;
				GCC_NO_COMMON_BLOCKS = YES;
				GCC_WARN_64_TO_32_BIT_CONVERSION = YES;
				GCC_WARN_ABOUT_RETURN_TYPE = YES_ERROR;
				GCC_WARN_UNDECLARED_SELECTOR = YES;
				GCC_WARN_UNINITIALIZED_AUTOS = YES_AGGRESSIVE;
				GCC_WARN_UNUSED_FUNCTION = YES;
				GCC_WARN_UNUSED_VARIABLE = YES;
				IPHONEOS_DEPLOYMENT_TARGET = 13.1;
				MTL_ENABLE_DEBUG_INFO = NO;
				MTL_FAST_MATH = YES;
				SDKROOT = iphoneos;
				SWIFT_COMPILATION_MODE = wholemodule;
				SWIFT_OPTIMIZATION_LEVEL = "-O";
				VALIDATE_PRODUCT = YES;
			};
			name = Release;
		};
		F63EE61D23BFAE1300B155B8 /* Debug */ = {
			isa = XCBuildConfiguration;
			buildSettings = {
				ASSETCATALOG_COMPILER_APPICON_NAME = AppIcon;
				CLANG_ENABLE_MODULES = YES;
				CODE_SIGN_STYLE = Automatic;
				DEVELOPMENT_ASSET_PATHS = "\"Baseball-Spectator/Preview Content\"";
				DEVELOPMENT_TEAM = QRS872LFWU;
				ENABLE_PREVIEWS = YES;
				FRAMEWORK_SEARCH_PATHS = (
					"$(inherited)",
					"$(PROJECT_DIR)",
				);
				GCC_NO_COMMON_BLOCKS = NO;
				INFOPLIST_FILE = "Baseball-Spectator/Info.plist";
				"INFOPLIST_FILE[sdk=*]" = "Baseball-Spectator/Info.plist";
				LD_RUNPATH_SEARCH_PATHS = (
					"$(inherited)",
					"@executable_path/Frameworks",
				);
				OTHER_LDFLAGS = "";
				PRODUCT_BUNDLE_IDENTIFIER = "com.DavidGerard.Baseball-Spectators";
				PRODUCT_NAME = "Baseball-Spectator";
				SWIFT_OBJC_BRIDGING_HEADER = "Baseball-Spectator-Bridging-Header.h";
				SWIFT_OPTIMIZATION_LEVEL = "-Onone";
				SWIFT_VERSION = 5.0;
				TARGETED_DEVICE_FAMILY = "1,2";
			};
			name = Debug;
		};
		F63EE61E23BFAE1300B155B8 /* Release */ = {
			isa = XCBuildConfiguration;
			buildSettings = {
				ASSETCATALOG_COMPILER_APPICON_NAME = AppIcon;
				CLANG_ENABLE_MODULES = YES;
				CODE_SIGN_STYLE = Automatic;
				DEVELOPMENT_ASSET_PATHS = "\"Baseball-Spectator/Preview Content\"";
				DEVELOPMENT_TEAM = QRS872LFWU;
				ENABLE_PREVIEWS = YES;
				FRAMEWORK_SEARCH_PATHS = (
					"$(inherited)",
					"$(PROJECT_DIR)",
				);
				GCC_NO_COMMON_BLOCKS = NO;
				INFOPLIST_FILE = "Baseball-Spectator/Info.plist";
				LD_RUNPATH_SEARCH_PATHS = (
					"$(inherited)",
					"@executable_path/Frameworks",
				);
				OTHER_LDFLAGS = "";
				PRODUCT_BUNDLE_IDENTIFIER = "com.DavidGerard.Baseball-Spectators";
				PRODUCT_NAME = "Baseball-Spectator";
				SWIFT_OBJC_BRIDGING_HEADER = "Baseball-Spectator-Bridging-Header.h";
				SWIFT_VERSION = 5.0;
				TARGETED_DEVICE_FAMILY = "1,2";
			};
			name = Release;
		};
/* End XCBuildConfiguration section */

/* Begin XCConfigurationList section */
		F63EE60323BFAE0D00B155B8 /* Build configuration list for PBXProject "Baseball-Spectator" */ = {
			isa = XCConfigurationList;
			buildConfigurations = (
				F63EE61A23BFAE1300B155B8 /* Debug */,
				F63EE61B23BFAE1300B155B8 /* Release */,
			);
			defaultConfigurationIsVisible = 0;
			defaultConfigurationName = Release;
		};
		F63EE61C23BFAE1300B155B8 /* Build configuration list for PBXNativeTarget "Baseball-Spectator" */ = {
			isa = XCConfigurationList;
			buildConfigurations = (
				F63EE61D23BFAE1300B155B8 /* Debug */,
				F63EE61E23BFAE1300B155B8 /* Release */,
			);
			defaultConfigurationIsVisible = 0;
			defaultConfigurationName = Release;
		};
/* End XCConfigurationList section */
	};
	rootObject = F63EE60023BFAE0D00B155B8 /* Project object */;
}
