// !$*UTF8*$!
{
	archiveVersion = 1;
	classes = {
	};
	objectVersion = 50;
	objects = {

/* Begin PBXBuildFile section */
		F63EE60C23BFAE0D00B155B8 /* AppDelegate.swift in Sources */ = {isa = PBXBuildFile; fileRef = F63EE60B23BFAE0D00B155B8 /* AppDelegate.swift */; };
		F63EE60E23BFAE0D00B155B8 /* SceneDelegate.swift in Sources */ = {isa = PBXBuildFile; fileRef = F63EE60D23BFAE0D00B155B8 /* SceneDelegate.swift */; };
		F63EE61023BFAE0D00B155B8 /* ContentView.swift in Sources */ = {isa = PBXBuildFile; fileRef = F63EE60F23BFAE0D00B155B8 /* ContentView.swift */; };
		F63EE61223BFAE1300B155B8 /* Assets.xcassets in Resources */ = {isa = PBXBuildFile; fileRef = F63EE61123BFAE1300B155B8 /* Assets.xcassets */; };
		F63EE61523BFAE1300B155B8 /* Preview Assets.xcassets in Resources */ = {isa = PBXBuildFile; fileRef = F63EE61423BFAE1300B155B8 /* Preview Assets.xcassets */; };
		F63EE61823BFAE1300B155B8 /* LaunchScreen.storyboard in Resources */ = {isa = PBXBuildFile; fileRef = F63EE61623BFAE1300B155B8 /* LaunchScreen.storyboard */; };
/* End PBXBuildFile section */

/* Begin PBXFileReference section */
		F63EE60823BFAE0D00B155B8 /* MLB_AR.app */ = {isa = PBXFileReference; explicitFileType = wrapper.application; includeInIndex = 0; path = MLB_AR.app; sourceTree = BUILT_PRODUCTS_DIR; };
		F63EE60B23BFAE0D00B155B8 /* AppDelegate.swift */ = {isa = PBXFileReference; lastKnownFileType = sourcecode.swift; path = AppDelegate.swift; sourceTree = "<group>"; };
		F63EE60D23BFAE0D00B155B8 /* SceneDelegate.swift */ = {isa = PBXFileReference; lastKnownFileType = sourcecode.swift; path = SceneDelegate.swift; sourceTree = "<group>"; };
		F63EE60F23BFAE0D00B155B8 /* ContentView.swift */ = {isa = PBXFileReference; lastKnownFileType = sourcecode.swift; path = ContentView.swift; sourceTree = "<group>"; };
		F63EE61123BFAE1300B155B8 /* Assets.xcassets */ = {isa = PBXFileReference; lastKnownFileType = folder.assetcatalog; path = Assets.xcassets; sourceTree = "<group>"; };
		F63EE61423BFAE1300B155B8 /* Preview Assets.xcassets */ = {isa = PBXFileReference; lastKnownFileType = folder.assetcatalog; path = "Preview Assets.xcassets"; sourceTree = "<group>"; };
		F63EE61723BFAE1300B155B8 /* Base */ = {isa = PBXFileReference; lastKnownFileType = file.storyboard; name = Base; path = Base.lproj/LaunchScreen.storyboard; sourceTree = "<group>"; };
		F63EE61923BFAE1300B155B8 /* Info.plist */ = {isa = PBXFileReference; lastKnownFileType = text.plist.xml; path = Info.plist; sourceTree = "<group>"; };
/* End PBXFileReference section */

/* Begin PBXFrameworksBuildPhase section */
		F63EE60523BFAE0D00B155B8 /* Frameworks */ = {
			isa = PBXFrameworksBuildPhase;
			buildActionMask = 2147483647;
			files = (
			);
			runOnlyForDeploymentPostprocessing = 0;
		};
/* End PBXFrameworksBuildPhase section */

/* Begin PBXGroup section */
		F63EE5FF23BFAE0D00B155B8 = {
			isa = PBXGroup;
			children = (
				F63EE60A23BFAE0D00B155B8 /* MLB_AR */,
				F63EE60923BFAE0D00B155B8 /* Products */,
			);
			sourceTree = "<group>";
		};
		F63EE60923BFAE0D00B155B8 /* Products */ = {
			isa = PBXGroup;
			children = (
				F63EE60823BFAE0D00B155B8 /* MLB_AR.app */,
			);
			name = Products;
			sourceTree = "<group>";
		};
		F63EE60A23BFAE0D00B155B8 /* MLB_AR */ = {
			isa = PBXGroup;
			children = (
				F63EE60B23BFAE0D00B155B8 /* AppDelegate.swift */,
				F63EE60D23BFAE0D00B155B8 /* SceneDelegate.swift */,
				F63EE60F23BFAE0D00B155B8 /* ContentView.swift */,
				F63EE61123BFAE1300B155B8 /* Assets.xcassets */,
				F63EE61623BFAE1300B155B8 /* LaunchScreen.storyboard */,
				F63EE61923BFAE1300B155B8 /* Info.plist */,
				F63EE61323BFAE1300B155B8 /* Preview Content */,
			);
			path = MLB_AR;
			sourceTree = "<group>";
		};
		F63EE61323BFAE1300B155B8 /* Preview Content */ = {
			isa = PBXGroup;
			children = (
				F63EE61423BFAE1300B155B8 /* Preview Assets.xcassets */,
			);
			path = "Preview Content";
			sourceTree = "<group>";
		};
/* End PBXGroup section */

/* Begin PBXNativeTarget section */
		F63EE60723BFAE0D00B155B8 /* MLB_AR */ = {
			isa = PBXNativeTarget;
			buildConfigurationList = F63EE61C23BFAE1300B155B8 /* Build configuration list for PBXNativeTarget "MLB_AR" */;
			buildPhases = (
				F63EE60423BFAE0D00B155B8 /* Sources */,
				F63EE60523BFAE0D00B155B8 /* Frameworks */,
				F63EE60623BFAE0D00B155B8 /* Resources */,
			);
			buildRules = (
			);
			dependencies = (
			);
			name = MLB_AR;
			productName = MLB_AR;
			productReference = F63EE60823BFAE0D00B155B8 /* MLB_AR.app */;
			productType = "com.apple.product-type.application";
		};
/* End PBXNativeTarget section */

/* Begin PBXProject section */
		F63EE60023BFAE0D00B155B8 /* Project object */ = {
			isa = PBXProject;
			attributes = {
				LastSwiftUpdateCheck = 1110;
				LastUpgradeCheck = 1110;
				ORGANIZATIONNAME = "Joey Cohen";
				TargetAttributes = {
					F63EE60723BFAE0D00B155B8 = {
						CreatedOnToolsVersion = 11.1;
					};
				};
			};
			buildConfigurationList = F63EE60323BFAE0D00B155B8 /* Build configuration list for PBXProject "MLB_AR" */;
			compatibilityVersion = "Xcode 9.3";
			developmentRegion = en;
			hasScannedForEncodings = 0;
			knownRegions = (
				en,
				Base,
			);
			mainGroup = F63EE5FF23BFAE0D00B155B8;
			productRefGroup = F63EE60923BFAE0D00B155B8 /* Products */;
			projectDirPath = "";
			projectRoot = "";
			targets = (
				F63EE60723BFAE0D00B155B8 /* MLB_AR */,
			);
		};
/* End PBXProject section */

/* Begin PBXResourcesBuildPhase section */
		F63EE60623BFAE0D00B155B8 /* Resources */ = {
			isa = PBXResourcesBuildPhase;
			buildActionMask = 2147483647;
			files = (
				F63EE61823BFAE1300B155B8 /* LaunchScreen.storyboard in Resources */,
				F63EE61523BFAE1300B155B8 /* Preview Assets.xcassets in Resources */,
				F63EE61223BFAE1300B155B8 /* Assets.xcassets in Resources */,
			);
			runOnlyForDeploymentPostprocessing = 0;
		};
/* End PBXResourcesBuildPhase section */

/* Begin PBXSourcesBuildPhase section */
		F63EE60423BFAE0D00B155B8 /* Sources */ = {
			isa = PBXSourcesBuildPhase;
			buildActionMask = 2147483647;
			files = (
				F63EE60C23BFAE0D00B155B8 /* AppDelegate.swift in Sources */,
				F63EE60E23BFAE0D00B155B8 /* SceneDelegate.swift in Sources */,
				F63EE61023BFAE0D00B155B8 /* ContentView.swift in Sources */,
			);
			runOnlyForDeploymentPostprocessing = 0;
		};
/* End PBXSourcesBuildPhase section */

/* Begin PBXVariantGroup section */
		F63EE61623BFAE1300B155B8 /* LaunchScreen.storyboard */ = {
			isa = PBXVariantGroup;
			children = (
				F63EE61723BFAE1300B155B8 /* Base */,
			);
			name = LaunchScreen.storyboard;
			sourceTree = "<group>";
		};
/* End PBXVariantGroup section */

/* Begin XCBuildConfiguration section */
		F63EE61A23BFAE1300B155B8 /* Debug */ = {
			isa = XCBuildConfiguration;
			buildSettings = {
				ALWAYS_SEARCH_USER_PATHS = NO;
				CLANG_ANALYZER_NONNULL = YES;
				CLANG_ANALYZER_NUMBER_OBJECT_CONVERSION = YES_AGGRESSIVE;
				CLANG_CXX_LANGUAGE_STANDARD = "gnu++14";
				CLANG_CXX_LIBRARY = "libc++";
				CLANG_ENABLE_MODULES = YES;
				CLANG_ENABLE_OBJC_ARC = YES;
				CLANG_ENABLE_OBJC_WEAK = YES;
				CLANG_WARN_BLOCK_CAPTURE_AUTORELEASING = YES;
				CLANG_WARN_BOOL_CONVERSION = YES;
				CLANG_WARN_COMMA = YES;
				CLANG_WARN_CONSTANT_CONVERSION = YES;
				CLANG_WARN_DEPRECATED_OBJC_IMPLEMENTATIONS = YES;
				CLANG_WARN_DIRECT_OBJC_ISA_USAGE = YES_ERROR;
				CLANG_WARN_DOCUMENTATION_COMMENTS = YES;
				CLANG_WARN_EMPTY_BODY = YES;
				CLANG_WARN_ENUM_CONVERSION = YES;
				CLANG_WARN_INFINITE_RECURSION = YES;
				CLANG_WARN_INT_CONVERSION = YES;
				CLANG_WARN_NON_LITERAL_NULL_CONVERSION = YES;
				CLANG_WARN_OBJC_IMPLICIT_RETAIN_SELF = YES;
				CLANG_WARN_OBJC_LITERAL_CONVERSION = YES;
				CLANG_WARN_OBJC_ROOT_CLASS = YES_ERROR;
				CLANG_WARN_RANGE_LOOP_ANALYSIS = YES;
				CLANG_WARN_STRICT_PROTOTYPES = YES;
				CLANG_WARN_SUSPICIOUS_MOVE = YES;
				CLANG_WARN_UNGUARDED_AVAILABILITY = YES_AGGRESSIVE;
				CLANG_WARN_UNREACHABLE_CODE = YES;
				CLANG_WARN__DUPLICATE_METHOD_MATCH = YES;
				COPY_PHASE_STRIP = NO;
				DEBUG_INFORMATION_FORMAT = dwarf;
				ENABLE_STRICT_OBJC_MSGSEND = YES;
				ENABLE_TESTABILITY = YES;
				GCC_C_LANGUAGE_STANDARD = gnu11;
				GCC_DYNAMIC_NO_PIC = NO;
				GCC_NO_COMMON_BLOCKS = YES;
				GCC_OPTIMIZATION_LEVEL = 0;
				GCC_PREPROCESSOR_DEFINITIONS = (
					"DEBUG=1",
					"$(inherited)",
				);
				GCC_WARN_64_TO_32_BIT_CONVERSION = YES;
				GCC_WARN_ABOUT_RETURN_TYPE = YES_ERROR;
				GCC_WARN_UNDECLARED_SELECTOR = YES;
				GCC_WARN_UNINITIALIZED_AUTOS = YES_AGGRESSIVE;
				GCC_WARN_UNUSED_FUNCTION = YES;
				GCC_WARN_UNUSED_VARIABLE = YES;
				IPHONEOS_DEPLOYMENT_TARGET = 13.1;
				MTL_ENABLE_DEBUG_INFO = INCLUDE_SOURCE;
				MTL_FAST_MATH = YES;
				ONLY_ACTIVE_ARCH = YES;
				SDKROOT = iphoneos;
				SWIFT_ACTIVE_COMPILATION_CONDITIONS = DEBUG;
				SWIFT_OPTIMIZATION_LEVEL = "-Onone";
			};
			name = Debug;
		};
		F63EE61B23BFAE1300B155B8 /* Release */ = {
			isa = XCBuildConfiguration;
			buildSettings = {
				ALWAYS_SEARCH_USER_PATHS = NO;
				CLANG_ANALYZER_NONNULL = YES;
				CLANG_ANALYZER_NUMBER_OBJECT_CONVERSION = YES_AGGRESSIVE;
				CLANG_CXX_LANGUAGE_STANDARD = "gnu++14";
				CLANG_CXX_LIBRARY = "libc++";
				CLANG_ENABLE_MODULES = YES;
				CLANG_ENABLE_OBJC_ARC = YES;
				CLANG_ENABLE_OBJC_WEAK = YES;
				CLANG_WARN_BLOCK_CAPTURE_AUTORELEASING = YES;
				CLANG_WARN_BOOL_CONVERSION = YES;
				CLANG_WARN_COMMA = YES;
				CLANG_WARN_CONSTANT_CONVERSION = YES;
				CLANG_WARN_DEPRECATED_OBJC_IMPLEMENTATIONS = YES;
				CLANG_WARN_DIRECT_OBJC_ISA_USAGE = YES_ERROR;
				CLANG_WARN_DOCUMENTATION_COMMENTS = YES;
				CLANG_WARN_EMPTY_BODY = YES;
				CLANG_WARN_ENUM_CONVERSION = YES;
				CLANG_WARN_INFINITE_RECURSION = YES;
				CLANG_WARN_INT_CONVERSION = YES;
				CLANG_WARN_NON_LITERAL_NULL_CONVERSION = YES;
				CLANG_WARN_OBJC_IMPLICIT_RETAIN_SELF = YES;
				CLANG_WARN_OBJC_LITERAL_CONVERSION = YES;
				CLANG_WARN_OBJC_ROOT_CLASS = YES_ERROR;
				CLANG_WARN_RANGE_LOOP_ANALYSIS = YES;
				CLANG_WARN_STRICT_PROTOTYPES = YES;
				CLANG_WARN_SUSPICIOUS_MOVE = YES;
				CLANG_WARN_UNGUARDED_AVAILABILITY = YES_AGGRESSIVE;
				CLANG_WARN_UNREACHABLE_CODE = YES;
				CLANG_WARN__DUPLICATE_METHOD_MATCH = YES;
				COPY_PHASE_STRIP = NO;
				DEBUG_INFORMATION_FORMAT = "dwarf-with-dsym";
				ENABLE_NS_ASSERTIONS = NO;
				ENABLE_STRICT_OBJC_MSGSEND = YES;
				GCC_C_LANGUAGE_STANDARD = gnu11;
				GCC_NO_COMMON_BLOCKS = YES;
				GCC_WARN_64_TO_32_BIT_CONVERSION = YES;
				GCC_WARN_ABOUT_RETURN_TYPE = YES_ERROR;
				GCC_WARN_UNDECLARED_SELECTOR = YES;
				GCC_WARN_UNINITIALIZED_AUTOS = YES_AGGRESSIVE;
				GCC_WARN_UNUSED_FUNCTION = YES;
				GCC_WARN_UNUSED_VARIABLE = YES;
				IPHONEOS_DEPLOYMENT_TARGET = 13.1;
				MTL_ENABLE_DEBUG_INFO = NO;
				MTL_FAST_MATH = YES;
				SDKROOT = iphoneos;
				SWIFT_COMPILATION_MODE = wholemodule;
				SWIFT_OPTIMIZATION_LEVEL = "-O";
				VALIDATE_PRODUCT = YES;
			};
			name = Release;
		};
		F63EE61D23BFAE1300B155B8 /* Debug */ = {
			isa = XCBuildConfiguration;
			buildSettings = {
				ASSETCATALOG_COMPILER_APPICON_NAME = AppIcon;
				CODE_SIGN_STYLE = Automatic;
				DEVELOPMENT_ASSET_PATHS = "\"MLB_AR/Preview Content\"";
				DEVELOPMENT_TEAM = XFW26PEUTK;
				ENABLE_PREVIEWS = YES;
				INFOPLIST_FILE = MLB_AR/Info.plist;
				LD_RUNPATH_SEARCH_PATHS = (
					"$(inherited)",
					"@executable_path/Frameworks",
				);
				PRODUCT_BUNDLE_IDENTIFIER = "come.JoeyCohen.MLB-AR";
				PRODUCT_NAME = "$(TARGET_NAME)";
				SWIFT_VERSION = 5.0;
				TARGETED_DEVICE_FAMILY = "1,2";
			};
			name = Debug;
		};
		F63EE61E23BFAE1300B155B8 /* Release */ = {
			isa = XCBuildConfiguration;
			buildSettings = {
				ASSETCATALOG_COMPILER_APPICON_NAME = AppIcon;
				CODE_SIGN_STYLE = Automatic;
				DEVELOPMENT_ASSET_PATHS = "\"MLB_AR/Preview Content\"";
				DEVELOPMENT_TEAM = XFW26PEUTK;
				ENABLE_PREVIEWS = YES;
				INFOPLIST_FILE = MLB_AR/Info.plist;
				LD_RUNPATH_SEARCH_PATHS = (
					"$(inherited)",
					"@executable_path/Frameworks",
				);
				PRODUCT_BUNDLE_IDENTIFIER = "come.JoeyCohen.MLB-AR";
				PRODUCT_NAME = "$(TARGET_NAME)";
				SWIFT_VERSION = 5.0;
				TARGETED_DEVICE_FAMILY = "1,2";
			};
			name = Release;
		};
/* End XCBuildConfiguration section */

/* Begin XCConfigurationList section */
		F63EE60323BFAE0D00B155B8 /* Build configuration list for PBXProject "MLB_AR" */ = {
			isa = XCConfigurationList;
			buildConfigurations = (
				F63EE61A23BFAE1300B155B8 /* Debug */,
				F63EE61B23BFAE1300B155B8 /* Release */,
			);
			defaultConfigurationIsVisible = 0;
			defaultConfigurationName = Release;
		};
		F63EE61C23BFAE1300B155B8 /* Build configuration list for PBXNativeTarget "MLB_AR" */ = {
			isa = XCConfigurationList;
			buildConfigurations = (
				F63EE61D23BFAE1300B155B8 /* Debug */,
				F63EE61E23BFAE1300B155B8 /* Release */,
			);
			defaultConfigurationIsVisible = 0;
			defaultConfigurationName = Release;
		};
/* End XCConfigurationList section */
	};
	rootObject = F63EE60023BFAE0D00B155B8 /* Project object */;
}
